{
  "requires": true,
  "lockfileVersion": 1,
  "dependencies": {
    "@types/webfontloader": {
      "version": "1.6.33",
      "resolved": "https://registry.npmjs.org/@types/webfontloader/-/webfontloader-1.6.33.tgz",
      "integrity": "sha512-2oOYQp0UBo/+NFsxdlF9ZwS1rq1q/wGnLsZMN7X+/xArRZoLPQhOGecesaRYJ2uhHyJ53TgitDORu2IV47FhHw==",
      "dev": true
    },
    "typescript": {
      "version": "4.3.5",
      "resolved": "https://registry.npmjs.org/typescript/-/typescript-4.3.5.tgz",
      "integrity": "sha512-DqQgihaQ9cUrskJo9kIyW/+g0Vxsk8cDtZ52a3NGh0YNTfpUSArXSohyUGnvbPazEPLu398C0UxmKSOrPumUzA=="
    },
    "webfontloader": {
      "version": "1.6.28",
      "resolved": "https://registry.npmjs.org/webfontloader/-/webfontloader-1.6.28.tgz",
      "integrity": "sha1-23hhKSU8tujq5UwvsF+HCvZnW64="
    }
  }
}
